
Microsoft Visual Studio Solution File, Format Version 11.00
# Visual Studio 2010
Project("{FAE04EC0-301F-11D3-BF4B-00C04F79EFBC}") = "SuperCalculator", "SuperCalculator\SuperCalculator.csproj", "{90418233-AF82-4CE1-B00C-A8909ED054C1}"
EndProject
Project("{FAE04EC0-301F-11D3-BF4B-00C04F79EFBC}") = "SuperCalculatorTests", "SuperCalculatorTests\SuperCalculatorTests.csproj", "{748BD455-DBF5-4036-9B0C-19836E23F9CC}"
EndProject
Project("{2150E333-8FDC-42A3-9474-1A3956D46DE8}") = "Solution Items", "Solution Items", "{5BDF7595-F3B1-4DC1-A40B-9D3D3B8BFA6E}"
	ProjectSection(SolutionItems) = preProject
		Local.testsettings = Local.testsettings
		SuperCalculator.vsmdi = SuperCalculator.vsmdi
		TraceAndTestImpact.testsettings = TraceAndTestImpact.testsettings
	EndProjectSection
EndProject
Global
	GlobalSection(TestCaseManagementSettings) = postSolution
		CategoryFile = SuperCalculator.vsmdi
	EndGlobalSection
	GlobalSection(SolutionConfigurationPlatforms) = preSolution
		Debug|Any CPU = Debug|Any CPU
		Release|Any CPU = Release|Any CPU
	EndGlobalSection
	GlobalSection(ProjectConfigurationPlatforms) = postSolution
		{90418233-AF82-4CE1-B00C-A8909ED054C1}.Debug|Any CPU.ActiveCfg = Debug|Any CPU
		{90418233-AF82-4CE1-B00C-A8909ED054C1}.Debug|Any CPU.Build.0 = Debug|Any CPU
		{90418233-AF82-4CE1-B00C-A8909ED054C1}.Release|Any CPU.ActiveCfg = Release|Any CPU
		{90418233-AF82-4CE1-B00C-A8909ED054C1}.Release|Any CPU.Build.0 = Release|Any CPU
		{748BD455-DBF5-4036-9B0C-19836E23F9CC}.Debug|Any CPU.ActiveCfg = Debug|Any CPU
		{748BD455-DBF5-4036-9B0C-19836E23F9CC}.Debug|Any CPU.Build.0 = Debug|Any CPU
		{748BD455-DBF5-4036-9B0C-19836E23F9CC}.Release|Any CPU.ActiveCfg = Release|Any CPU
		{748BD455-DBF5-4036-9B0C-19836E23F9CC}.Release|Any CPU.Build.0 = Release|Any CPU
	EndGlobalSection
	GlobalSection(SolutionProperties) = preSolution
		HideSolutionNode = FALSE
	EndGlobalSection
EndGlobal
